<?xml version="1.0" encoding="utf-8"?>
<Project ToolsVersion="4.0" xmlns="http://schemas.microsoft.com/developer/msbuild/2003">
  <ItemGroup>
    <Filter Include="source">
      <UniqueIdentifier>{9f843bdf-17fe-410f-b24d-70f4b9c2a16d}</UniqueIdentifier>
      <Extensions>cpp;c;cxx;def;odl;idl;hpj;bat;asm</Extensions>
    </Filter>
    <Filter Include="include">
      <UniqueIdentifier>{918249d0-0019-4c61-ae8b-f2773114da82}</UniqueIdentifier>
      <Extensions>h;hpp;hxx;hm;inl;inc</Extensions>
    </Filter>
    <Filter Include="resource">
      <UniqueIdentifier>{c9bef1c2-c935-4614-aa68-ab6ab2526d50}</UniqueIdentifier>
      <Extensions>rc;ico;cur;bmp;dlg;rc2;rct;bin;rgs;jpg;jpeg;jpe;png;manifest</Extensions>
    </Filter>
    <Filter Include="source\Model">
      <UniqueIdentifier>{0286cda2-d311-43b5-9e0d-ae9a8a566e49}</UniqueIdentifier>
    </Filter>
    <Filter Include="source\View">
      <UniqueIdentifier>{f5b6b198-e2ac-43bc-8e3d-977affb14c59}</UniqueIdentifier>
    </Filter>
    <Filter Include="source\View\controller">
      <UniqueIdentifier>{7ff9f88e-a266-438c-a51b-b9ea329fcd15}</UniqueIdentifier>
    </Filter>
    <Filter Include="source\View\views">
      <UniqueIdentifier>{515394cc-0c4b-4261-9263-d2d8fcc54c30}</UniqueIdentifier>
    </Filter>
  </ItemGroup>
  <ItemGroup>
    <None Include="res\Trapit.ico">
      <Filter>resource</Filter>
    </None>
    <None Include="..\Resources\CloseSelected.png">
      <Filter>resource</Filter>
    </None>
    <None Include="..\Resources\CloseNormal.png">
      <Filter>resource</Filter>
    </None>
    <None Include="..\Resources\HelloWorld.png">
      <Filter>resource</Filter>
    </None>
  </ItemGroup>
  <ItemGroup>
    <ResourceCompile Include="Trapit.rc">
      <Filter>resource</Filter>
    </ResourceCompile>
  </ItemGroup>
  <ItemGroup>
    <ClInclude Include="resource.h">
      <Filter>include</Filter>
    </ClInclude>
    <ClInclude Include="main.h">
      <Filter>include</Filter>
    </ClInclude>
    <ClInclude Include="..\Classes\AppDelegate.h">
      <Filter>include</Filter>
    </ClInclude>
    <ClInclude Include="..\Classes\HelloWorldScene.h">
      <Filter>include</Filter>
    </ClInclude>
    <ClInclude Include="GameGroundView.h">
      <Filter>source\View\views</Filter>
    </ClInclude>
    <ClInclude Include="GameGroundController.h">
      <Filter>source\View\controller</Filter>
    </ClInclude>
  </ItemGroup>
  <ItemGroup>
    <ClCompile Include="main.cpp">
      <Filter>source</Filter>
    </ClCompile>
    <ClCompile Include="..\Classes\AppDelegate.cpp">
      <Filter>source</Filter>
    </ClCompile>
    <ClCompile Include="..\Classes\HelloWorldScene.cpp">
      <Filter>source</Filter>
    </ClCompile>
    <ClCompile Include="GameGroundView.cpp">
      <Filter>source\View\views</Filter>
    </ClCompile>
    <ClCompile Include="GameGroundController.cpp">
      <Filter>source\View\controller</Filter>
    </ClCompile>
  </ItemGroup>
</Project>